Microsoft Visual Studio Solution File, Format Version 12.00
# Visual Studio Version 17
VisualStudioVersion = 17.5.2.0
MinimumVisualStudioVersion = 10.0.40219.1
Project("{2150E333-8FDC-42A3-9474-1A3956D46DE8}") = "src", "src", "{827E0CD3-B72D-47B6-A68D-7590B98EB39B}"
EndProject
Project("{FAE04EC0-301F-11D3-BF4B-00C04F79EFBC}") = "Part1Basic", "src\Part1Basic\Part1Basic.csproj", "{2366C7D9-BF26-CF97-F009-DBB05AE55EDB}"
EndProject
Project("{FAE04EC0-301F-11D3-BF4B-00C04F79EFBC}") = "TaskManagerApi", "src\TaskManagerApi\TaskManagerApi.csproj", "{AAB294D4-372E-4FD4-5F1F-CB22C5070B83}"
EndProject
Global
	GlobalSection(SolutionConfigurationPlatforms) = preSolution
		Debug|Any CPU = Debug|Any CPU
		Release|Any CPU = Release|Any CPU
	EndGlobalSection
	GlobalSection(ProjectConfigurationPlatforms) = postSolution
		{2366C7D9-BF26-CF97-F009-DBB05AE55EDB}.Debug|Any CPU.ActiveCfg = Debug|Any CPU
		{2366C7D9-BF26-CF97-F009-DBB05AE55EDB}.Debug|Any CPU.Build.0 = Debug|Any CPU
		{2366C7D9-BF26-CF97-F009-DBB05AE55EDB}.Release|Any CPU.ActiveCfg = Release|Any CPU
		{2366C7D9-BF26-CF97-F009-DBB05AE55EDB}.Release|Any CPU.Build.0 = Release|Any CPU
		{AAB294D4-372E-4FD4-5F1F-CB22C5070B83}.Debug|Any CPU.ActiveCfg = Debug|Any CPU
		{AAB294D4-372E-4FD4-5F1F-CB22C5070B83}.Debug|Any CPU.Build.0 = Debug|Any CPU
		{AAB294D4-372E-4FD4-5F1F-CB22C5070B83}.Release|Any CPU.ActiveCfg = Release|Any CPU
		{AAB294D4-372E-4FD4-5F1F-CB22C5070B83}.Release|Any CPU.Build.0 = Release|Any CPU
	EndGlobalSection
	GlobalSection(SolutionProperties) = preSolution
		HideSolutionNode = FALSE
	EndGlobalSection
	GlobalSection(NestedProjects) = preSolution
		{2366C7D9-BF26-CF97-F009-DBB05AE55EDB} = {827E0CD3-B72D-47B6-A68D-7590B98EB39B}
		{AAB294D4-372E-4FD4-5F1F-CB22C5070B83} = {827E0CD3-B72D-47B6-A68D-7590B98EB39B}
	EndGlobalSection
	GlobalSection(ExtensibilityGlobals) = postSolution
		SolutionGuid = {697423D0-431F-4C85-9656-34A5FD3F86F0}
	EndGlobalSection
EndGlobal
